
Microsoft Visual Studio Solution File, Format Version 12.00
# Visual Studio Version 16
VisualStudioVersion = 16.0.30523.141
MinimumVisualStudioVersion = 10.0.40219.1
Project("{FAE04EC0-301F-11D3-BF4B-00C04F79EFBC}") = "Parqueadero", "Parqueadero\Parqueadero.csproj", "{3F4FF788-E19A-4D13-9239-5E963BD2701C}"
EndProject
Global
	GlobalSection(SolutionConfigurationPlatforms) = preSolution
		Debug|Any CPU = Debug|Any CPU
		Release|Any CPU = Release|Any CPU
	EndGlobalSection
	GlobalSection(ProjectConfigurationPlatforms) = postSolution
		{3F4FF788-E19A-4D13-9239-5E963BD2701C}.Debug|Any CPU.ActiveCfg = Debug|Any CPU
		{3F4FF788-E19A-4D13-9239-5E963BD2701C}.Debug|Any CPU.Build.0 = Debug|Any CPU
		{3F4FF788-E19A-4D13-9239-5E963BD2701C}.Release|Any CPU.ActiveCfg = Release|Any CPU
		{3F4FF788-E19A-4D13-9239-5E963BD2701C}.Release|Any CPU.Build.0 = Release|Any CPU
	EndGlobalSection
	GlobalSection(SolutionProperties) = preSolution
		HideSolutionNode = FALSE
	EndGlobalSection
	GlobalSection(ExtensibilityGlobals) = postSolution
		SolutionGuid = {F5D01177-62DD-4D2A-A7AE-7F7E15C03A67}
	EndGlobalSection
EndGlobal
